
Microsoft Visual Studio Solution File, Format Version 12.00
# Visual Studio Version 17
VisualStudioVersion = 17.1.32414.318
MinimumVisualStudioVersion = 10.0.40219.1
Project("{FAE04EC0-301F-11D3-BF4B-00C04F79EFBC}") = "drones", "drones\drones.csproj", "{E58C4350-9750-4CF2-B0F6-2A30F3EF61DB}"
EndProject
Global
	GlobalSection(SolutionConfigurationPlatforms) = preSolution
		Debug|Any CPU = Debug|Any CPU
		Release|Any CPU = Release|Any CPU
	EndGlobalSection
	GlobalSection(ProjectConfigurationPlatforms) = postSolution
		{E58C4350-9750-4CF2-B0F6-2A30F3EF61DB}.Debug|Any CPU.ActiveCfg = Debug|Any CPU
		{E58C4350-9750-4CF2-B0F6-2A30F3EF61DB}.Debug|Any CPU.Build.0 = Debug|Any CPU
		{E58C4350-9750-4CF2-B0F6-2A30F3EF61DB}.Release|Any CPU.ActiveCfg = Release|Any CPU
		{E58C4350-9750-4CF2-B0F6-2A30F3EF61DB}.Release|Any CPU.Build.0 = Release|Any CPU
	EndGlobalSection
	GlobalSection(SolutionProperties) = preSolution
		HideSolutionNode = FALSE
	EndGlobalSection
	GlobalSection(ExtensibilityGlobals) = postSolution
		SolutionGuid = {BD778529-03DE-4CE7-B20D-F3BC253A2666}
	EndGlobalSection
EndGlobal
